PODS:
  - AwaitKit (5.0.1):
    - PromiseKit (~> 6)
  - PromiseKit (6.7.1):
    - PromiseKit/CorePromise (= 6.7.1)
    - PromiseKit/Foundation (= 6.7.1)
    - PromiseKit/UIKit (= 6.7.1)
  - PromiseKit/CorePromise (6.7.1)
  - PromiseKit/Foundation (6.7.1):
    - PromiseKit/CorePromise
  - PromiseKit/UIKit (6.7.1):
    - PromiseKit/CorePromise

DEPENDENCIES:
  - AwaitKit (from `..`)

SPEC REPOS:
  https://github.com/cocoapods/specs.git:
    - PromiseKit

EXTERNAL SOURCES:
  AwaitKit:
    :path: ".."

SPEC CHECKSUMS:
  AwaitKit: 32c213e1892f0320cdf15a72cb071eb187dcf3d0
  PromiseKit: ef376fb8b4e92edfeb66bd403b983eaa07fbde0c

PODFILE CHECKSUM: 78e564670b78aa7f30da04815ee08a7f80131817

COCOAPODS: 1.6.0.beta.1
