PODS:
  - AwaitKit (4.0.0):
    - PromiseKit (~> 6)
  - PromiseKit (6.2.0):
    - PromiseKit/CorePromise (= 6.2.0)
    - PromiseKit/Foundation (= 6.2.0)
    - PromiseKit/UIKit (= 6.2.0)
  - PromiseKit/CorePromise (6.2.0)
  - PromiseKit/Foundation (6.2.0):
    - PromiseKit/CorePromise
  - PromiseKit/UIKit (6.2.0):
    - PromiseKit/CorePromise

DEPENDENCIES:
  - AwaitKit (from `..`)

EXTERNAL SOURCES:
  AwaitKit:
    :path: ..

SPEC CHECKSUMS:
  AwaitKit: 4008c4fd2f2dbb75a8732b0c3f66935a46647981
  PromiseKit: ea9a155e1fd98a926ccfaf633c0fbd69851f0e7b

PODFILE CHECKSUM: 78e564670b78aa7f30da04815ee08a7f80131817

COCOAPODS: 1.4.0
