{
  "object": {
    "pins": [
      {
        "package": "PromiseKit",
        "repositoryURL": "https://github.com/mxcl/PromiseKit.git",
        "state": {
          "branch": null,
          "revision": "d6b3b93bbdb9e6668fdcc3e0b0029e635e7915c9",
          "version": "6.8.4"
        }
      }
    ]
  },
  "version": 1
}
