{
  "object": {
    "pins": [
      {
        "package": "PromiseKit",
        "repositoryURL": "https://github.com/mxcl/PromiseKit.git",
        "state": {
          "branch": null,
          "revision": "61f796319b16f0d4f3a8cd939d8e7f9a74963038",
          "version": "4.3.2"
        }
      }
    ]
  },
  "version": 1
}
