PODS:
  - AwaitKit (2.1.1):
    - PromiseKit (~> 4.1)
  - PromiseKit (4.1.4):
    - PromiseKit/Foundation (= 4.1.4)
    - PromiseKit/QuartzCore (= 4.1.4)
    - PromiseKit/UIKit (= 4.1.4)
  - PromiseKit/CorePromise (4.1.4)
  - PromiseKit/Foundation (4.1.4):
    - PromiseKit/CorePromise
  - PromiseKit/QuartzCore (4.1.4):
    - PromiseKit/CorePromise
  - PromiseKit/UIKit (4.1.4):
    - PromiseKit/CorePromise

DEPENDENCIES:
  - AwaitKit (from `.`)
  - PromiseKit (~> 4.1)

EXTERNAL SOURCES:
  AwaitKit:
    :path: "."

SPEC CHECKSUMS:
  AwaitKit: ee798becc1fadf2467e4ae6f86403d0ca9d03419
  PromiseKit: e69aead34c817988ea688b1085aee21300d6dcb8

PODFILE CHECKSUM: 98e9395ec864653fc03f94e02aa85ae96675a83d

COCOAPODS: 1.1.1
