// !$*UTF8*$!
{
	archiveVersion = 1;
	classes = {
	};
	objectVersion = 46;
	objects = {

/* Begin PBXBuildFile section */
		21F6B93843439BF281C49BFE /* Pods_AwaitedPromiseKit.framework in Frameworks */ = {isa = PBXBuildFile; fileRef = F8284B11771CF2C7FFD18725 /* Pods_AwaitedPromiseKit.framework */; };
		A05DE4F09029AA75E5DF45F8 /* Pods_AwaitedPromiseKitTests.framework in Frameworks */ = {isa = PBXBuildFile; fileRef = 537BAE61F313ADFDB2EBA24F /* Pods_AwaitedPromiseKitTests.framework */; };
		CE54C7EA1CEA4DA800CCF2D7 /* AwaitedPromiseKitAwaitTests.swift in Sources */ = {isa = PBXBuildFile; fileRef = CE54C7E91CEA4DA800CCF2D7 /* AwaitedPromiseKitAwaitTests.swift */; };
		CEDA66C21CE9FEF6002E8EF2 /* AppDelegate.swift in Sources */ = {isa = PBXBuildFile; fileRef = CEDA66C11CE9FEF6002E8EF2 /* AppDelegate.swift */; };
		CEDA66C41CE9FEF6002E8EF2 /* ViewController.swift in Sources */ = {isa = PBXBuildFile; fileRef = CEDA66C31CE9FEF6002E8EF2 /* ViewController.swift */; };
		CEDA66C71CE9FEF6002E8EF2 /* Main.storyboard in Resources */ = {isa = PBXBuildFile; fileRef = CEDA66C51CE9FEF6002E8EF2 /* Main.storyboard */; };
		CEDA66C91CE9FEF6002E8EF2 /* Assets.xcassets in Resources */ = {isa = PBXBuildFile; fileRef = CEDA66C81CE9FEF6002E8EF2 /* Assets.xcassets */; };
		CEDA66CC1CE9FEF6002E8EF2 /* LaunchScreen.storyboard in Resources */ = {isa = PBXBuildFile; fileRef = CEDA66CA1CE9FEF6002E8EF2 /* LaunchScreen.storyboard */; };
		CEDA66D71CE9FEF6002E8EF2 /* AwaitedPromiseKitAsyncTests.swift in Sources */ = {isa = PBXBuildFile; fileRef = CEDA66D61CE9FEF6002E8EF2 /* AwaitedPromiseKitAsyncTests.swift */; };
		CEDA66E61CEA2D39002E8EF2 /* AwaitKit.swift in Sources */ = {isa = PBXBuildFile; fileRef = CEDA66E51CEA2D39002E8EF2 /* AwaitKit.swift */; };
/* End PBXBuildFile section */

/* Begin PBXContainerItemProxy section */
		CEDA66D31CE9FEF6002E8EF2 /* PBXContainerItemProxy */ = {
			isa = PBXContainerItemProxy;
			containerPortal = CEDA66B61CE9FEF6002E8EF2 /* Project object */;
			proxyType = 1;
			remoteGlobalIDString = CEDA66BD1CE9FEF6002E8EF2;
			remoteInfo = AwaitedPromiseKit;
		};
/* End PBXContainerItemProxy section */

/* Begin PBXFileReference section */
		0E11696E442D15F529AC5D95 /* Pods-AwaitedPromiseKitTests.debug.xcconfig */ = {isa = PBXFileReference; includeInIndex = 1; lastKnownFileType = text.xcconfig; name = "Pods-AwaitedPromiseKitTests.debug.xcconfig"; path = "Pods/Target Support Files/Pods-AwaitedPromiseKitTests/Pods-AwaitedPromiseKitTests.debug.xcconfig"; sourceTree = "<group>"; };
		152B0F8BC80820635150DB97 /* Pods-AwaitedPromiseKit.debug.xcconfig */ = {isa = PBXFileReference; includeInIndex = 1; lastKnownFileType = text.xcconfig; name = "Pods-AwaitedPromiseKit.debug.xcconfig"; path = "Pods/Target Support Files/Pods-AwaitedPromiseKit/Pods-AwaitedPromiseKit.debug.xcconfig"; sourceTree = "<group>"; };
		1FA24FD398121F6A8E53C541 /* Pods-AwaitedPromiseKitTests.release.xcconfig */ = {isa = PBXFileReference; includeInIndex = 1; lastKnownFileType = text.xcconfig; name = "Pods-AwaitedPromiseKitTests.release.xcconfig"; path = "Pods/Target Support Files/Pods-AwaitedPromiseKitTests/Pods-AwaitedPromiseKitTests.release.xcconfig"; sourceTree = "<group>"; };
		537BAE61F313ADFDB2EBA24F /* Pods_AwaitedPromiseKitTests.framework */ = {isa = PBXFileReference; explicitFileType = wrapper.framework; includeInIndex = 0; path = Pods_AwaitedPromiseKitTests.framework; sourceTree = BUILT_PRODUCTS_DIR; };
		782B516B26CEABBCA2DA6A11 /* Pods-AwaitedPromiseKit.release.xcconfig */ = {isa = PBXFileReference; includeInIndex = 1; lastKnownFileType = text.xcconfig; name = "Pods-AwaitedPromiseKit.release.xcconfig"; path = "Pods/Target Support Files/Pods-AwaitedPromiseKit/Pods-AwaitedPromiseKit.release.xcconfig"; sourceTree = "<group>"; };
		CE54C7E91CEA4DA800CCF2D7 /* AwaitedPromiseKitAwaitTests.swift */ = {isa = PBXFileReference; fileEncoding = 4; lastKnownFileType = sourcecode.swift; path = AwaitedPromiseKitAwaitTests.swift; sourceTree = "<group>"; };
		CEDA66BE1CE9FEF6002E8EF2 /* AwaitedPromiseKit.app */ = {isa = PBXFileReference; explicitFileType = wrapper.application; includeInIndex = 0; path = AwaitedPromiseKit.app; sourceTree = BUILT_PRODUCTS_DIR; };
		CEDA66C11CE9FEF6002E8EF2 /* AppDelegate.swift */ = {isa = PBXFileReference; lastKnownFileType = sourcecode.swift; path = AppDelegate.swift; sourceTree = "<group>"; };
		CEDA66C31CE9FEF6002E8EF2 /* ViewController.swift */ = {isa = PBXFileReference; lastKnownFileType = sourcecode.swift; path = ViewController.swift; sourceTree = "<group>"; };
		CEDA66C61CE9FEF6002E8EF2 /* Base */ = {isa = PBXFileReference; lastKnownFileType = file.storyboard; name = Base; path = Base.lproj/Main.storyboard; sourceTree = "<group>"; };
		CEDA66C81CE9FEF6002E8EF2 /* Assets.xcassets */ = {isa = PBXFileReference; lastKnownFileType = folder.assetcatalog; path = Assets.xcassets; sourceTree = "<group>"; };
		CEDA66CB1CE9FEF6002E8EF2 /* Base */ = {isa = PBXFileReference; lastKnownFileType = file.storyboard; name = Base; path = Base.lproj/LaunchScreen.storyboard; sourceTree = "<group>"; };
		CEDA66CD1CE9FEF6002E8EF2 /* Info.plist */ = {isa = PBXFileReference; lastKnownFileType = text.plist.xml; path = Info.plist; sourceTree = "<group>"; };
		CEDA66D21CE9FEF6002E8EF2 /* AwaitedPromiseKitTests.xctest */ = {isa = PBXFileReference; explicitFileType = wrapper.cfbundle; includeInIndex = 0; path = AwaitedPromiseKitTests.xctest; sourceTree = BUILT_PRODUCTS_DIR; };
		CEDA66D61CE9FEF6002E8EF2 /* AwaitedPromiseKitAsyncTests.swift */ = {isa = PBXFileReference; lastKnownFileType = sourcecode.swift; path = AwaitedPromiseKitAsyncTests.swift; sourceTree = "<group>"; };
		CEDA66D81CE9FEF6002E8EF2 /* Info.plist */ = {isa = PBXFileReference; lastKnownFileType = text.plist.xml; path = Info.plist; sourceTree = "<group>"; };
		CEDA66E51CEA2D39002E8EF2 /* AwaitKit.swift */ = {isa = PBXFileReference; fileEncoding = 4; lastKnownFileType = sourcecode.swift; path = AwaitKit.swift; sourceTree = "<group>"; };
		F8284B11771CF2C7FFD18725 /* Pods_AwaitedPromiseKit.framework */ = {isa = PBXFileReference; explicitFileType = wrapper.framework; includeInIndex = 0; path = Pods_AwaitedPromiseKit.framework; sourceTree = BUILT_PRODUCTS_DIR; };
/* End PBXFileReference section */

/* Begin PBXFrameworksBuildPhase section */
		CEDA66BB1CE9FEF6002E8EF2 /* Frameworks */ = {
			isa = PBXFrameworksBuildPhase;
			buildActionMask = 2147483647;
			files = (
				21F6B93843439BF281C49BFE /* Pods_AwaitedPromiseKit.framework in Frameworks */,
			);
			runOnlyForDeploymentPostprocessing = 0;
		};
		CEDA66CF1CE9FEF6002E8EF2 /* Frameworks */ = {
			isa = PBXFrameworksBuildPhase;
			buildActionMask = 2147483647;
			files = (
				A05DE4F09029AA75E5DF45F8 /* Pods_AwaitedPromiseKitTests.framework in Frameworks */,
			);
			runOnlyForDeploymentPostprocessing = 0;
		};
/* End PBXFrameworksBuildPhase section */

/* Begin PBXGroup section */
		17373DCBC2DCA2FA14D7B8E0 /* Frameworks */ = {
			isa = PBXGroup;
			children = (
				F8284B11771CF2C7FFD18725 /* Pods_AwaitedPromiseKit.framework */,
				537BAE61F313ADFDB2EBA24F /* Pods_AwaitedPromiseKitTests.framework */,
			);
			name = Frameworks;
			sourceTree = "<group>";
		};
		7D02E6D40ADC763F7963AA95 /* Pods */ = {
			isa = PBXGroup;
			children = (
				152B0F8BC80820635150DB97 /* Pods-AwaitedPromiseKit.debug.xcconfig */,
				782B516B26CEABBCA2DA6A11 /* Pods-AwaitedPromiseKit.release.xcconfig */,
				0E11696E442D15F529AC5D95 /* Pods-AwaitedPromiseKitTests.debug.xcconfig */,
				1FA24FD398121F6A8E53C541 /* Pods-AwaitedPromiseKitTests.release.xcconfig */,
			);
			name = Pods;
			sourceTree = "<group>";
		};
		CEDA66B51CE9FEF6002E8EF2 = {
			isa = PBXGroup;
			children = (
				CEDA66E41CEA2D39002E8EF2 /* Sources */,
				CEDA66C01CE9FEF6002E8EF2 /* AwaitedPromiseKit */,
				CEDA66D51CE9FEF6002E8EF2 /* AwaitedPromiseKitTests */,
				CEDA66BF1CE9FEF6002E8EF2 /* Products */,
				7D02E6D40ADC763F7963AA95 /* Pods */,
				17373DCBC2DCA2FA14D7B8E0 /* Frameworks */,
			);
			sourceTree = "<group>";
		};
		CEDA66BF1CE9FEF6002E8EF2 /* Products */ = {
			isa = PBXGroup;
			children = (
				CEDA66BE1CE9FEF6002E8EF2 /* AwaitedPromiseKit.app */,
				CEDA66D21CE9FEF6002E8EF2 /* AwaitedPromiseKitTests.xctest */,
			);
			name = Products;
			sourceTree = "<group>";
		};
		CEDA66C01CE9FEF6002E8EF2 /* AwaitedPromiseKit */ = {
			isa = PBXGroup;
			children = (
				CEDA66C11CE9FEF6002E8EF2 /* AppDelegate.swift */,
				CEDA66C31CE9FEF6002E8EF2 /* ViewController.swift */,
				CEDA66C51CE9FEF6002E8EF2 /* Main.storyboard */,
				CEDA66C81CE9FEF6002E8EF2 /* Assets.xcassets */,
				CEDA66CA1CE9FEF6002E8EF2 /* LaunchScreen.storyboard */,
				CEDA66CD1CE9FEF6002E8EF2 /* Info.plist */,
			);
			path = AwaitedPromiseKit;
			sourceTree = "<group>";
		};
		CEDA66D51CE9FEF6002E8EF2 /* AwaitedPromiseKitTests */ = {
			isa = PBXGroup;
			children = (
				CEDA66D61CE9FEF6002E8EF2 /* AwaitedPromiseKitAsyncTests.swift */,
				CE54C7E91CEA4DA800CCF2D7 /* AwaitedPromiseKitAwaitTests.swift */,
				CEDA66D81CE9FEF6002E8EF2 /* Info.plist */,
			);
			path = AwaitedPromiseKitTests;
			sourceTree = "<group>";
		};
		CEDA66E41CEA2D39002E8EF2 /* Sources */ = {
			isa = PBXGroup;
			children = (
				CEDA66E51CEA2D39002E8EF2 /* AwaitKit.swift */,
			);
			name = Sources;
			path = ../Sources;
			sourceTree = "<group>";
		};
/* End PBXGroup section */

/* Begin PBXNativeTarget section */
		CEDA66BD1CE9FEF6002E8EF2 /* AwaitedPromiseKit */ = {
			isa = PBXNativeTarget;
			buildConfigurationList = CEDA66DB1CE9FEF6002E8EF2 /* Build configuration list for PBXNativeTarget "AwaitedPromiseKit" */;
			buildPhases = (
				CF536D74C0C27BA16273F579 /* 📦 Check Pods Manifest.lock */,
				CEDA66BA1CE9FEF6002E8EF2 /* Sources */,
				CEDA66BB1CE9FEF6002E8EF2 /* Frameworks */,
				CEDA66BC1CE9FEF6002E8EF2 /* Resources */,
				85F6E12DCC42FAB9B7773696 /* 📦 Embed Pods Frameworks */,
				CA4C5F41489831388C4B9909 /* 📦 Copy Pods Resources */,
			);
			buildRules = (
			);
			dependencies = (
			);
			name = AwaitedPromiseKit;
			productName = AwaitedPromiseKit;
			productReference = CEDA66BE1CE9FEF6002E8EF2 /* AwaitedPromiseKit.app */;
			productType = "com.apple.product-type.application";
		};
		CEDA66D11CE9FEF6002E8EF2 /* AwaitedPromiseKitTests */ = {
			isa = PBXNativeTarget;
			buildConfigurationList = CEDA66DE1CE9FEF6002E8EF2 /* Build configuration list for PBXNativeTarget "AwaitedPromiseKitTests" */;
			buildPhases = (
				8C46D6A8730AF21682723AE3 /* 📦 Check Pods Manifest.lock */,
				CEDA66CE1CE9FEF6002E8EF2 /* Sources */,
				CEDA66CF1CE9FEF6002E8EF2 /* Frameworks */,
				CEDA66D01CE9FEF6002E8EF2 /* Resources */,
				D58595707D333BEB8468BB1C /* 📦 Embed Pods Frameworks */,
				FD1879EDDF6FDDEE46EC3260 /* 📦 Copy Pods Resources */,
			);
			buildRules = (
			);
			dependencies = (
				CEDA66D41CE9FEF6002E8EF2 /* PBXTargetDependency */,
			);
			name = AwaitedPromiseKitTests;
			productName = AwaitedPromiseKitTests;
			productReference = CEDA66D21CE9FEF6002E8EF2 /* AwaitedPromiseKitTests.xctest */;
			productType = "com.apple.product-type.bundle.unit-test";
		};
/* End PBXNativeTarget section */

/* Begin PBXProject section */
		CEDA66B61CE9FEF6002E8EF2 /* Project object */ = {
			isa = PBXProject;
			attributes = {
				LastSwiftUpdateCheck = 0730;
				LastUpgradeCheck = 0730;
				ORGANIZATIONNAME = "Yannick Loriot";
				TargetAttributes = {
					CEDA66BD1CE9FEF6002E8EF2 = {
						CreatedOnToolsVersion = 7.3;
					};
					CEDA66D11CE9FEF6002E8EF2 = {
						CreatedOnToolsVersion = 7.3;
						TestTargetID = CEDA66BD1CE9FEF6002E8EF2;
					};
				};
			};
			buildConfigurationList = CEDA66B91CE9FEF6002E8EF2 /* Build configuration list for PBXProject "AwaitedPromiseKit" */;
			compatibilityVersion = "Xcode 3.2";
			developmentRegion = English;
			hasScannedForEncodings = 0;
			knownRegions = (
				en,
				Base,
			);
			mainGroup = CEDA66B51CE9FEF6002E8EF2;
			productRefGroup = CEDA66BF1CE9FEF6002E8EF2 /* Products */;
			projectDirPath = "";
			projectRoot = "";
			targets = (
				CEDA66BD1CE9FEF6002E8EF2 /* AwaitedPromiseKit */,
				CEDA66D11CE9FEF6002E8EF2 /* AwaitedPromiseKitTests */,
			);
		};
/* End PBXProject section */

/* Begin PBXResourcesBuildPhase section */
		CEDA66BC1CE9FEF6002E8EF2 /* Resources */ = {
			isa = PBXResourcesBuildPhase;
			buildActionMask = 2147483647;
			files = (
				CEDA66CC1CE9FEF6002E8EF2 /* LaunchScreen.storyboard in Resources */,
				CEDA66C91CE9FEF6002E8EF2 /* Assets.xcassets in Resources */,
				CEDA66C71CE9FEF6002E8EF2 /* Main.storyboard in Resources */,
			);
			runOnlyForDeploymentPostprocessing = 0;
		};
		CEDA66D01CE9FEF6002E8EF2 /* Resources */ = {
			isa = PBXResourcesBuildPhase;
			buildActionMask = 2147483647;
			files = (
			);
			runOnlyForDeploymentPostprocessing = 0;
		};
/* End PBXResourcesBuildPhase section */

/* Begin PBXShellScriptBuildPhase section */
		85F6E12DCC42FAB9B7773696 /* 📦 Embed Pods Frameworks */ = {
			isa = PBXShellScriptBuildPhase;
			buildActionMask = 2147483647;
			files = (
			);
			inputPaths = (
			);
			name = "📦 Embed Pods Frameworks";
			outputPaths = (
			);
			runOnlyForDeploymentPostprocessing = 0;
			shellPath = /bin/sh;
			shellScript = "\"${SRCROOT}/Pods/Target Support Files/Pods-AwaitedPromiseKit/Pods-AwaitedPromiseKit-frameworks.sh\"\n";
			showEnvVarsInLog = 0;
		};
		8C46D6A8730AF21682723AE3 /* 📦 Check Pods Manifest.lock */ = {
			isa = PBXShellScriptBuildPhase;
			buildActionMask = 2147483647;
			files = (
			);
			inputPaths = (
			);
			name = "📦 Check Pods Manifest.lock";
			outputPaths = (
			);
			runOnlyForDeploymentPostprocessing = 0;
			shellPath = /bin/sh;
			shellScript = "diff \"${PODS_ROOT}/../Podfile.lock\" \"${PODS_ROOT}/Manifest.lock\" > /dev/null\nif [[ $? != 0 ]] ; then\n    cat << EOM\nerror: The sandbox is not in sync with the Podfile.lock. Run 'pod install' or update your CocoaPods installation.\nEOM\n    exit 1\nfi\n";
			showEnvVarsInLog = 0;
		};
		CA4C5F41489831388C4B9909 /* 📦 Copy Pods Resources */ = {
			isa = PBXShellScriptBuildPhase;
			buildActionMask = 2147483647;
			files = (
			);
			inputPaths = (
			);
			name = "📦 Copy Pods Resources";
			outputPaths = (
			);
			runOnlyForDeploymentPostprocessing = 0;
			shellPath = /bin/sh;
			shellScript = "\"${SRCROOT}/Pods/Target Support Files/Pods-AwaitedPromiseKit/Pods-AwaitedPromiseKit-resources.sh\"\n";
			showEnvVarsInLog = 0;
		};
		CF536D74C0C27BA16273F579 /* 📦 Check Pods Manifest.lock */ = {
			isa = PBXShellScriptBuildPhase;
			buildActionMask = 2147483647;
			files = (
			);
			inputPaths = (
			);
			name = "📦 Check Pods Manifest.lock";
			outputPaths = (
			);
			runOnlyForDeploymentPostprocessing = 0;
			shellPath = /bin/sh;
			shellScript = "diff \"${PODS_ROOT}/../Podfile.lock\" \"${PODS_ROOT}/Manifest.lock\" > /dev/null\nif [[ $? != 0 ]] ; then\n    cat << EOM\nerror: The sandbox is not in sync with the Podfile.lock. Run 'pod install' or update your CocoaPods installation.\nEOM\n    exit 1\nfi\n";
			showEnvVarsInLog = 0;
		};
		D58595707D333BEB8468BB1C /* 📦 Embed Pods Frameworks */ = {
			isa = PBXShellScriptBuildPhase;
			buildActionMask = 2147483647;
			files = (
			);
			inputPaths = (
			);
			name = "📦 Embed Pods Frameworks";
			outputPaths = (
			);
			runOnlyForDeploymentPostprocessing = 0;
			shellPath = /bin/sh;
			shellScript = "\"${SRCROOT}/Pods/Target Support Files/Pods-AwaitedPromiseKitTests/Pods-AwaitedPromiseKitTests-frameworks.sh\"\n";
			showEnvVarsInLog = 0;
		};
		FD1879EDDF6FDDEE46EC3260 /* 📦 Copy Pods Resources */ = {
			isa = PBXShellScriptBuildPhase;
			buildActionMask = 2147483647;
			files = (
			);
			inputPaths = (
			);
			name = "📦 Copy Pods Resources";
			outputPaths = (
			);
			runOnlyForDeploymentPostprocessing = 0;
			shellPath = /bin/sh;
			shellScript = "\"${SRCROOT}/Pods/Target Support Files/Pods-AwaitedPromiseKitTests/Pods-AwaitedPromiseKitTests-resources.sh\"\n";
			showEnvVarsInLog = 0;
		};
/* End PBXShellScriptBuildPhase section */

/* Begin PBXSourcesBuildPhase section */
		CEDA66BA1CE9FEF6002E8EF2 /* Sources */ = {
			isa = PBXSourcesBuildPhase;
			buildActionMask = 2147483647;
			files = (
				CEDA66E61CEA2D39002E8EF2 /* AwaitKit.swift in Sources */,
				CEDA66C41CE9FEF6002E8EF2 /* ViewController.swift in Sources */,
				CEDA66C21CE9FEF6002E8EF2 /* AppDelegate.swift in Sources */,
			);
			runOnlyForDeploymentPostprocessing = 0;
		};
		CEDA66CE1CE9FEF6002E8EF2 /* Sources */ = {
			isa = PBXSourcesBuildPhase;
			buildActionMask = 2147483647;
			files = (
				CEDA66D71CE9FEF6002E8EF2 /* AwaitedPromiseKitAsyncTests.swift in Sources */,
				CE54C7EA1CEA4DA800CCF2D7 /* AwaitedPromiseKitAwaitTests.swift in Sources */,
			);
			runOnlyForDeploymentPostprocessing = 0;
		};
/* End PBXSourcesBuildPhase section */

/* Begin PBXTargetDependency section */
		CEDA66D41CE9FEF6002E8EF2 /* PBXTargetDependency */ = {
			isa = PBXTargetDependency;
			target = CEDA66BD1CE9FEF6002E8EF2 /* AwaitedPromiseKit */;
			targetProxy = CEDA66D31CE9FEF6002E8EF2 /* PBXContainerItemProxy */;
		};
/* End PBXTargetDependency section */

/* Begin PBXVariantGroup section */
		CEDA66C51CE9FEF6002E8EF2 /* Main.storyboard */ = {
			isa = PBXVariantGroup;
			children = (
				CEDA66C61CE9FEF6002E8EF2 /* Base */,
			);
			name = Main.storyboard;
			sourceTree = "<group>";
		};
		CEDA66CA1CE9FEF6002E8EF2 /* LaunchScreen.storyboard */ = {
			isa = PBXVariantGroup;
			children = (
				CEDA66CB1CE9FEF6002E8EF2 /* Base */,
			);
			name = LaunchScreen.storyboard;
			sourceTree = "<group>";
		};
/* End PBXVariantGroup section */

/* Begin XCBuildConfiguration section */
		CEDA66D91CE9FEF6002E8EF2 /* Debug */ = {
			isa = XCBuildConfiguration;
			buildSettings = {
				ALWAYS_SEARCH_USER_PATHS = NO;
				CLANG_ANALYZER_NONNULL = YES;
				CLANG_CXX_LANGUAGE_STANDARD = "gnu++0x";
				CLANG_CXX_LIBRARY = "libc++";
				CLANG_ENABLE_MODULES = YES;
				CLANG_ENABLE_OBJC_ARC = YES;
				CLANG_WARN_BOOL_CONVERSION = YES;
				CLANG_WARN_CONSTANT_CONVERSION = YES;
				CLANG_WARN_DIRECT_OBJC_ISA_USAGE = YES_ERROR;
				CLANG_WARN_EMPTY_BODY = YES;
				CLANG_WARN_ENUM_CONVERSION = YES;
				CLANG_WARN_INT_CONVERSION = YES;
				CLANG_WARN_OBJC_ROOT_CLASS = YES_ERROR;
				CLANG_WARN_UNREACHABLE_CODE = YES;
				CLANG_WARN__DUPLICATE_METHOD_MATCH = YES;
				"CODE_SIGN_IDENTITY[sdk=iphoneos*]" = "iPhone Developer";
				COPY_PHASE_STRIP = NO;
				DEBUG_INFORMATION_FORMAT = dwarf;
				ENABLE_STRICT_OBJC_MSGSEND = YES;
				ENABLE_TESTABILITY = YES;
				GCC_C_LANGUAGE_STANDARD = gnu99;
				GCC_DYNAMIC_NO_PIC = NO;
				GCC_GENERATE_TEST_COVERAGE_FILES = YES;
				GCC_NO_COMMON_BLOCKS = YES;
				GCC_OPTIMIZATION_LEVEL = 0;
				GCC_PREPROCESSOR_DEFINITIONS = (
					"DEBUG=1",
					"$(inherited)",
				);
				GCC_WARN_64_TO_32_BIT_CONVERSION = YES;
				GCC_WARN_ABOUT_RETURN_TYPE = YES_ERROR;
				GCC_WARN_UNDECLARED_SELECTOR = YES;
				GCC_WARN_UNINITIALIZED_AUTOS = YES_AGGRESSIVE;
				GCC_WARN_UNUSED_FUNCTION = YES;
				GCC_WARN_UNUSED_VARIABLE = YES;
				IPHONEOS_DEPLOYMENT_TARGET = 9.0;
				MTL_ENABLE_DEBUG_INFO = YES;
				ONLY_ACTIVE_ARCH = YES;
				SDKROOT = iphoneos;
				SWIFT_OPTIMIZATION_LEVEL = "-Onone";
				TARGETED_DEVICE_FAMILY = "1,2";
			};
			name = Debug;
		};
		CEDA66DA1CE9FEF6002E8EF2 /* Release */ = {
			isa = XCBuildConfiguration;
			buildSettings = {
				ALWAYS_SEARCH_USER_PATHS = NO;
				CLANG_ANALYZER_NONNULL = YES;
				CLANG_CXX_LANGUAGE_STANDARD = "gnu++0x";
				CLANG_CXX_LIBRARY = "libc++";
				CLANG_ENABLE_MODULES = YES;
				CLANG_ENABLE_OBJC_ARC = YES;
				CLANG_WARN_BOOL_CONVERSION = YES;
				CLANG_WARN_CONSTANT_CONVERSION = YES;
				CLANG_WARN_DIRECT_OBJC_ISA_USAGE = YES_ERROR;
				CLANG_WARN_EMPTY_BODY = YES;
				CLANG_WARN_ENUM_CONVERSION = YES;
				CLANG_WARN_INT_CONVERSION = YES;
				CLANG_WARN_OBJC_ROOT_CLASS = YES_ERROR;
				CLANG_WARN_UNREACHABLE_CODE = YES;
				CLANG_WARN__DUPLICATE_METHOD_MATCH = YES;
				"CODE_SIGN_IDENTITY[sdk=iphoneos*]" = "iPhone Developer";
				COPY_PHASE_STRIP = NO;
				DEBUG_INFORMATION_FORMAT = "dwarf-with-dsym";
				ENABLE_NS_ASSERTIONS = NO;
				ENABLE_STRICT_OBJC_MSGSEND = YES;
				ENABLE_TESTABILITY = YES;
				GCC_C_LANGUAGE_STANDARD = gnu99;
				GCC_GENERATE_TEST_COVERAGE_FILES = YES;
				GCC_NO_COMMON_BLOCKS = YES;
				GCC_WARN_64_TO_32_BIT_CONVERSION = YES;
				GCC_WARN_ABOUT_RETURN_TYPE = YES_ERROR;
				GCC_WARN_UNDECLARED_SELECTOR = YES;
				GCC_WARN_UNINITIALIZED_AUTOS = YES_AGGRESSIVE;
				GCC_WARN_UNUSED_FUNCTION = YES;
				GCC_WARN_UNUSED_VARIABLE = YES;
				IPHONEOS_DEPLOYMENT_TARGET = 9.0;
				MTL_ENABLE_DEBUG_INFO = NO;
				SDKROOT = iphoneos;
				TARGETED_DEVICE_FAMILY = "1,2";
				VALIDATE_PRODUCT = YES;
			};
			name = Release;
		};
		CEDA66DC1CE9FEF6002E8EF2 /* Debug */ = {
			isa = XCBuildConfiguration;
			baseConfigurationReference = 152B0F8BC80820635150DB97 /* Pods-AwaitedPromiseKit.debug.xcconfig */;
			buildSettings = {
				ASSETCATALOG_COMPILER_APPICON_NAME = AppIcon;
				INFOPLIST_FILE = AwaitedPromiseKit/Info.plist;
				LD_RUNPATH_SEARCH_PATHS = "$(inherited) @executable_path/Frameworks";
				PRODUCT_BUNDLE_IDENTIFIER = com.yannickloriot.AwaitedPromiseKit;
				PRODUCT_NAME = "$(TARGET_NAME)";
			};
			name = Debug;
		};
		CEDA66DD1CE9FEF6002E8EF2 /* Release */ = {
			isa = XCBuildConfiguration;
			baseConfigurationReference = 782B516B26CEABBCA2DA6A11 /* Pods-AwaitedPromiseKit.release.xcconfig */;
			buildSettings = {
				ASSETCATALOG_COMPILER_APPICON_NAME = AppIcon;
				INFOPLIST_FILE = AwaitedPromiseKit/Info.plist;
				LD_RUNPATH_SEARCH_PATHS = "$(inherited) @executable_path/Frameworks";
				PRODUCT_BUNDLE_IDENTIFIER = com.yannickloriot.AwaitedPromiseKit;
				PRODUCT_NAME = "$(TARGET_NAME)";
			};
			name = Release;
		};
		CEDA66DF1CE9FEF6002E8EF2 /* Debug */ = {
			isa = XCBuildConfiguration;
			baseConfigurationReference = 0E11696E442D15F529AC5D95 /* Pods-AwaitedPromiseKitTests.debug.xcconfig */;
			buildSettings = {
				BUNDLE_LOADER = "$(TEST_HOST)";
				INFOPLIST_FILE = AwaitedPromiseKitTests/Info.plist;
				LD_RUNPATH_SEARCH_PATHS = "$(inherited) @executable_path/Frameworks @loader_path/Frameworks";
				PRODUCT_BUNDLE_IDENTIFIER = com.yannickloriot.AwaitedPromiseKitTests;
				PRODUCT_NAME = "$(TARGET_NAME)";
				TEST_HOST = "$(BUILT_PRODUCTS_DIR)/AwaitedPromiseKit.app/AwaitedPromiseKit";
			};
			name = Debug;
		};
		CEDA66E01CE9FEF6002E8EF2 /* Release */ = {
			isa = XCBuildConfiguration;
			baseConfigurationReference = 1FA24FD398121F6A8E53C541 /* Pods-AwaitedPromiseKitTests.release.xcconfig */;
			buildSettings = {
				BUNDLE_LOADER = "$(TEST_HOST)";
				INFOPLIST_FILE = AwaitedPromiseKitTests/Info.plist;
				LD_RUNPATH_SEARCH_PATHS = "$(inherited) @executable_path/Frameworks @loader_path/Frameworks";
				PRODUCT_BUNDLE_IDENTIFIER = com.yannickloriot.AwaitedPromiseKitTests;
				PRODUCT_NAME = "$(TARGET_NAME)";
				TEST_HOST = "$(BUILT_PRODUCTS_DIR)/AwaitedPromiseKit.app/AwaitedPromiseKit";
			};
			name = Release;
		};
/* End XCBuildConfiguration section */

/* Begin XCConfigurationList section */
		CEDA66B91CE9FEF6002E8EF2 /* Build configuration list for PBXProject "AwaitedPromiseKit" */ = {
			isa = XCConfigurationList;
			buildConfigurations = (
				CEDA66D91CE9FEF6002E8EF2 /* Debug */,
				CEDA66DA1CE9FEF6002E8EF2 /* Release */,
			);
			defaultConfigurationIsVisible = 0;
			defaultConfigurationName = Release;
		};
		CEDA66DB1CE9FEF6002E8EF2 /* Build configuration list for PBXNativeTarget "AwaitedPromiseKit" */ = {
			isa = XCConfigurationList;
			buildConfigurations = (
				CEDA66DC1CE9FEF6002E8EF2 /* Debug */,
				CEDA66DD1CE9FEF6002E8EF2 /* Release */,
			);
			defaultConfigurationIsVisible = 0;
			defaultConfigurationName = Release;
		};
		CEDA66DE1CE9FEF6002E8EF2 /* Build configuration list for PBXNativeTarget "AwaitedPromiseKitTests" */ = {
			isa = XCConfigurationList;
			buildConfigurations = (
				CEDA66DF1CE9FEF6002E8EF2 /* Debug */,
				CEDA66E01CE9FEF6002E8EF2 /* Release */,
			);
			defaultConfigurationIsVisible = 0;
			defaultConfigurationName = Release;
		};
/* End XCConfigurationList section */
	};
	rootObject = CEDA66B61CE9FEF6002E8EF2 /* Project object */;
}
